// !$*UTF8*$!
{
	archiveVersion = 1;
	classes = {
	};
	objectVersion = 46;
	objects = {

/* Begin PBXBuildFile section */
		59C2E23B175D43CB0072E8A2 /* UIKit.framework in Frameworks */ = {isa = PBXBuildFile; fileRef = 59C2E23A175D43CB0072E8A2 /* UIKit.framework */; };
		59C2E23D175D43CB0072E8A2 /* Foundation.framework in Frameworks */ = {isa = PBXBuildFile; fileRef = 59C2E23C175D43CB0072E8A2 /* Foundation.framework */; };
		59C2E23F175D43CB0072E8A2 /* CoreGraphics.framework in Frameworks */ = {isa = PBXBuildFile; fileRef = 59C2E23E175D43CB0072E8A2 /* CoreGraphics.framework */; };
		59C2E245175D43CB0072E8A2 /* InfoPlist.strings in Resources */ = {isa = PBXBuildFile; fileRef = 59C2E243175D43CB0072E8A2 /* InfoPlist.strings */; };
		59C2E247175D43CB0072E8A2 /* main.m in Sources */ = {isa = PBXBuildFile; fileRef = 59C2E246175D43CB0072E8A2 /* main.m */; };
		59C2E24B175D43CB0072E8A2 /* AppDelegate.m in Sources */ = {isa = PBXBuildFile; fileRef = 59C2E24A175D43CB0072E8A2 /* AppDelegate.m */; };
		59C2E24D175D43CB0072E8A2 /* Default.png in Resources */ = {isa = PBXBuildFile; fileRef = 59C2E24C175D43CB0072E8A2 /* Default.png */; };
		59C2E24F175D43CB0072E8A2 /* Default@2x.png in Resources */ = {isa = PBXBuildFile; fileRef = 59C2E24E175D43CB0072E8A2 /* Default@2x.png */; };
		59C2E251175D43CB0072E8A2 /* Default-568h@2x.png in Resources */ = {isa = PBXBuildFile; fileRef = 59C2E250175D43CB0072E8A2 /* Default-568h@2x.png */; };
/* End PBXBuildFile section */

/* Begin PBXFileReference section */
		59C2E237175D43CB0072E8A2 /* CivicsMaster.app */ = {isa = PBXFileReference; explicitFileType = wrapper.application; includeInIndex = 0; path = CivicsMaster.app; sourceTree = BUILT_PRODUCTS_DIR; };
		59C2E23A175D43CB0072E8A2 /* UIKit.framework */ = {isa = PBXFileReference; lastKnownFileType = wrapper.framework; name = UIKit.framework; path = System/Library/Frameworks/UIKit.framework; sourceTree = SDKROOT; };
		59C2E23C175D43CB0072E8A2 /* Foundation.framework */ = {isa = PBXFileReference; lastKnownFileType = wrapper.framework; name = Foundation.framework; path = System/Library/Frameworks/Foundation.framework; sourceTree = SDKROOT; };
		59C2E23E175D43CB0072E8A2 /* CoreGraphics.framework */ = {isa = PBXFileReference; lastKnownFileType = wrapper.framework; name = CoreGraphics.framework; path = System/Library/Frameworks/CoreGraphics.framework; sourceTree = SDKROOT; };
		59C2E242175D43CB0072E8A2 /* CivicsMaster-Info.plist */ = {isa = PBXFileReference; lastKnownFileType = text.plist.xml; path = "CivicsMaster-Info.plist"; sourceTree = "<group>"; };
		59C2E244175D43CB0072E8A2 /* en */ = {isa = PBXFileReference; lastKnownFileType = text.plist.strings; name = en; path = en.lproj/InfoPlist.strings; sourceTree = "<group>"; };
		59C2E246175D43CB0072E8A2 /* main.m */ = {isa = PBXFileReference; lastKnownFileType = sourcecode.c.objc; path = main.m; sourceTree = "<group>"; };
		59C2E248175D43CB0072E8A2 /* CivicsMaster-Prefix.pch */ = {isa = PBXFileReference; lastKnownFileType = sourcecode.c.h; path = "CivicsMaster-Prefix.pch"; sourceTree = "<group>"; };
		59C2E249175D43CB0072E8A2 /* AppDelegate.h */ = {isa = PBXFileReference; lastKnownFileType = sourcecode.c.h; path = AppDelegate.h; sourceTree = "<group>"; };
		59C2E24A175D43CB0072E8A2 /* AppDelegate.m */ = {isa = PBXFileReference; lastKnownFileType = sourcecode.c.objc; path = AppDelegate.m; sourceTree = "<group>"; };
		59C2E24C175D43CB0072E8A2 /* Default.png */ = {isa = PBXFileReference; lastKnownFileType = image.png; path = Default.png; sourceTree = "<group>"; };
		59C2E24E175D43CB0072E8A2 /* Default@2x.png */ = {isa = PBXFileReference; lastKnownFileType = image.png; path = "Default@2x.png"; sourceTree = "<group>"; };
		59C2E250175D43CB0072E8A2 /* Default-568h@2x.png */ = {isa = PBXFileReference; lastKnownFileType = image.png; path = "Default-568h@2x.png"; sourceTree = "<group>"; };
/* End PBXFileReference section */

/* Begin PBXFrameworksBuildPhase section */
		59C2E234175D43CB0072E8A2 /* Frameworks */ = {
			isa = PBXFrameworksBuildPhase;
			buildActionMask = 2147483647;
			files = (
				59C2E23B175D43CB0072E8A2 /* UIKit.framework in Frameworks */,
				59C2E23D175D43CB0072E8A2 /* Foundation.framework in Frameworks */,
				59C2E23F175D43CB0072E8A2 /* CoreGraphics.framework in Frameworks */,
			);
			runOnlyForDeploymentPostprocessing = 0;
		};
/* End PBXFrameworksBuildPhase section */

/* Begin PBXGroup section */
		59C2E22E175D43CB0072E8A2 = {
			isa = PBXGroup;
			children = (
				59C2E240175D43CB0072E8A2 /* CivicsMaster */,
				59C2E239175D43CB0072E8A2 /* Frameworks */,
				59C2E238175D43CB0072E8A2 /* Products */,
			);
			sourceTree = "<group>";
		};
		59C2E238175D43CB0072E8A2 /* Products */ = {
			isa = PBXGroup;
			children = (
				59C2E237175D43CB0072E8A2 /* CivicsMaster.app */,
			);
			name = Products;
			sourceTree = "<group>";
		};
		59C2E239175D43CB0072E8A2 /* Frameworks */ = {
			isa = PBXGroup;
			children = (
				59C2E23A175D43CB0072E8A2 /* UIKit.framework */,
				59C2E23C175D43CB0072E8A2 /* Foundation.framework */,
				59C2E23E175D43CB0072E8A2 /* CoreGraphics.framework */,
			);
			name = Frameworks;
			sourceTree = "<group>";
		};
		59C2E240175D43CB0072E8A2 /* CivicsMaster */ = {
			isa = PBXGroup;
			children = (
				59C2E249175D43CB0072E8A2 /* AppDelegate.h */,
				59C2E24A175D43CB0072E8A2 /* AppDelegate.m */,
				59C2E241175D43CB0072E8A2 /* Supporting Files */,
			);
			path = CivicsMaster;
			sourceTree = "<group>";
		};
		59C2E241175D43CB0072E8A2 /* Supporting Files */ = {
			isa = PBXGroup;
			children = (
				59C2E242175D43CB0072E8A2 /* CivicsMaster-Info.plist */,
				59C2E243175D43CB0072E8A2 /* InfoPlist.strings */,
				59C2E246175D43CB0072E8A2 /* main.m */,
				59C2E248175D43CB0072E8A2 /* CivicsMaster-Prefix.pch */,
				59C2E24C175D43CB0072E8A2 /* Default.png */,
				59C2E24E175D43CB0072E8A2 /* Default@2x.png */,
				59C2E250175D43CB0072E8A2 /* Default-568h@2x.png */,
			);
			name = "Supporting Files";
			sourceTree = "<group>";
		};
/* End PBXGroup section */

/* Begin PBXNativeTarget section */
		59C2E236175D43CB0072E8A2 /* CivicsMaster */ = {
			isa = PBXNativeTarget;
			buildConfigurationList = 59C2E254175D43CB0072E8A2 /* Build configuration list for PBXNativeTarget "CivicsMaster" */;
			buildPhases = (
				59C2E233175D43CB0072E8A2 /* Sources */,
				59C2E234175D43CB0072E8A2 /* Frameworks */,
				59C2E235175D43CB0072E8A2 /* Resources */,
			);
			buildRules = (
			);
			dependencies = (
			);
			name = CivicsMaster;
			productName = CivicsMaster;
			productReference = 59C2E237175D43CB0072E8A2 /* CivicsMaster.app */;
			productType = "com.apple.product-type.application";
		};
/* End PBXNativeTarget section */

/* Begin PBXProject section */
		59C2E22F175D43CB0072E8A2 /* Project object */ = {
			isa = PBXProject;
			attributes = {
				LastUpgradeCheck = 0460;
				ORGANIZATIONNAME = CitizenshipFirst;
			};
			buildConfigurationList = 59C2E232175D43CB0072E8A2 /* Build configuration list for PBXProject "CivicsMaster" */;
			compatibilityVersion = "Xcode 3.2";
			developmentRegion = English;
			hasScannedForEncodings = 0;
			knownRegions = (
				en,
			);
			mainGroup = 59C2E22E175D43CB0072E8A2;
			productRefGroup = 59C2E238175D43CB0072E8A2 /* Products */;
			projectDirPath = "";
			projectRoot = "";
			targets = (
				59C2E236175D43CB0072E8A2 /* CivicsMaster */,
			);
		};
/* End PBXProject section */

/* Begin PBXResourcesBuildPhase section */
		59C2E235175D43CB0072E8A2 /* Resources */ = {
			isa = PBXResourcesBuildPhase;
			buildActionMask = 2147483647;
			files = (
				59C2E245175D43CB0072E8A2 /* InfoPlist.strings in Resources */,
				59C2E24D175D43CB0072E8A2 /* Default.png in Resources */,
				59C2E24F175D43CB0072E8A2 /* Default@2x.png in Resources */,
				59C2E251175D43CB0072E8A2 /* Default-568h@2x.png in Resources */,
			);
			runOnlyForDeploymentPostprocessing = 0;
		};
/* End PBXResourcesBuildPhase section */

/* Begin PBXSourcesBuildPhase section */
		59C2E233175D43CB0072E8A2 /* Sources */ = {
			isa = PBXSourcesBuildPhase;
			buildActionMask = 2147483647;
			files = (
				59C2E247175D43CB0072E8A2 /* main.m in Sources */,
				59C2E24B175D43CB0072E8A2 /* AppDelegate.m in Sources */,
			);
			runOnlyForDeploymentPostprocessing = 0;
		};
/* End PBXSourcesBuildPhase section */

/* Begin PBXVariantGroup section */
		59C2E243175D43CB0072E8A2 /* InfoPlist.strings */ = {
			isa = PBXVariantGroup;
			children = (
				59C2E244175D43CB0072E8A2 /* en */,
			);
			name = InfoPlist.strings;
			sourceTree = "<group>";
		};
/* End PBXVariantGroup section */

/* Begin XCBuildConfiguration section */
		59C2E252175D43CB0072E8A2 /* Debug */ = {
			isa = XCBuildConfiguration;
			buildSettings = {
				ALWAYS_SEARCH_USER_PATHS = NO;
				CLANG_CXX_LANGUAGE_STANDARD = "gnu++0x";
				CLANG_CXX_LIBRARY = "libc++";
				CLANG_ENABLE_OBJC_ARC = YES;
				CLANG_WARN_CONSTANT_CONVERSION = YES;
				CLANG_WARN_EMPTY_BODY = YES;
				CLANG_WARN_ENUM_CONVERSION = YES;
				CLANG_WARN_INT_CONVERSION = YES;
				CLANG_WARN__DUPLICATE_METHOD_MATCH = YES;
				"CODE_SIGN_IDENTITY[sdk=iphoneos*]" = "iPhone Developer";
				COPY_PHASE_STRIP = NO;
				GCC_C_LANGUAGE_STANDARD = gnu99;
				GCC_DYNAMIC_NO_PIC = NO;
				GCC_OPTIMIZATION_LEVEL = 0;
				GCC_PREPROCESSOR_DEFINITIONS = (
					"DEBUG=1",
					"$(inherited)",
				);
				GCC_SYMBOLS_PRIVATE_EXTERN = NO;
				GCC_WARN_ABOUT_RETURN_TYPE = YES;
				GCC_WARN_UNINITIALIZED_AUTOS = YES;
				GCC_WARN_UNUSED_VARIABLE = YES;
				IPHONEOS_DEPLOYMENT_TARGET = 6.1;
				ONLY_ACTIVE_ARCH = YES;
				SDKROOT = iphoneos;
			};
			name = Debug;
		};
		59C2E253175D43CB0072E8A2 /* Release */ = {
			isa = XCBuildConfiguration;
			buildSettings = {
				ALWAYS_SEARCH_USER_PATHS = NO;
				CLANG_CXX_LANGUAGE_STANDARD = "gnu++0x";
				CLANG_CXX_LIBRARY = "libc++";
				CLANG_ENABLE_OBJC_ARC = YES;
				CLANG_WARN_CONSTANT_CONVERSION = YES;
				CLANG_WARN_EMPTY_BODY = YES;
				CLANG_WARN_ENUM_CONVERSION = YES;
				CLANG_WARN_INT_CONVERSION = YES;
				CLANG_WARN__DUPLICATE_METHOD_MATCH = YES;
				"CODE_SIGN_IDENTITY[sdk=iphoneos*]" = "iPhone Developer";
				COPY_PHASE_STRIP = YES;
				GCC_C_LANGUAGE_STANDARD = gnu99;
				GCC_WARN_ABOUT_RETURN_TYPE = YES;
				GCC_WARN_UNINITIALIZED_AUTOS = YES;
				GCC_WARN_UNUSED_VARIABLE = YES;
				IPHONEOS_DEPLOYMENT_TARGET = 6.1;
				OTHER_CFLAGS = "-DNS_BLOCK_ASSERTIONS=1";
				SDKROOT = iphoneos;
				VALIDATE_PRODUCT = YES;
			};
			name = Release;
		};
		59C2E255175D43CB0072E8A2 /* Debug */ = {
			isa = XCBuildConfiguration;
			buildSettings = {
				GCC_PRECOMPILE_PREFIX_HEADER = YES;
				GCC_PREFIX_HEADER = "CivicsMaster/CivicsMaster-Prefix.pch";
				INFOPLIST_FILE = "CivicsMaster/CivicsMaster-Info.plist";
				PRODUCT_NAME = "$(TARGET_NAME)";
				WRAPPER_EXTENSION = app;
			};
			name = Debug;
		};
		59C2E256175D43CB0072E8A2 /* Release */ = {
			isa = XCBuildConfiguration;
			buildSettings = {
				GCC_PRECOMPILE_PREFIX_HEADER = YES;
				GCC_PREFIX_HEADER = "CivicsMaster/CivicsMaster-Prefix.pch";
				INFOPLIST_FILE = "CivicsMaster/CivicsMaster-Info.plist";
				PRODUCT_NAME = "$(TARGET_NAME)";
				WRAPPER_EXTENSION = app;
			};
			name = Release;
		};
/* End XCBuildConfiguration section */

/* Begin XCConfigurationList section */
		59C2E232175D43CB0072E8A2 /* Build configuration list for PBXProject "CivicsMaster" */ = {
			isa = XCConfigurationList;
			buildConfigurations = (
				59C2E252175D43CB0072E8A2 /* Debug */,
				59C2E253175D43CB0072E8A2 /* Release */,
			);
			defaultConfigurationIsVisible = 0;
			defaultConfigurationName = Release;
		};
		59C2E254175D43CB0072E8A2 /* Build configuration list for PBXNativeTarget "CivicsMaster" */ = {
			isa = XCConfigurationList;
			buildConfigurations = (
				59C2E255175D43CB0072E8A2 /* Debug */,
				59C2E256175D43CB0072E8A2 /* Release */,
			);
			defaultConfigurationIsVisible = 0;
		};
/* End XCConfigurationList section */
	};
	rootObject = 59C2E22F175D43CB0072E8A2 /* Project object */;
}
